// !$*UTF8*$!
{
	archiveVersion = 1;
	classes = {
	};
	objectVersion = 50;
	objects = {

/* Begin PBXBuildFile section */
		63333E79238771250088E1F9 /* POIsTableViewController.swift in Sources */ = {isa = PBXBuildFile; fileRef = 63333E78238771250088E1F9 /* POIsTableViewController.swift */; };
		63333E7B238771420088E1F9 /* AddPOIViewController.swift in Sources */ = {isa = PBXBuildFile; fileRef = 63333E7A238771420088E1F9 /* AddPOIViewController.swift */; };
		63333E7D2387716E0088E1F9 /* POIDetailViewController.swift in Sources */ = {isa = PBXBuildFile; fileRef = 63333E7C2387716E0088E1F9 /* POIDetailViewController.swift */; };
		63333E80238771D80088E1F9 /* POITableViewCell.swift in Sources */ = {isa = PBXBuildFile; fileRef = 63333E7F238771D80088E1F9 /* POITableViewCell.swift */; };
		63333E84238772490088E1F9 /* POI.swift in Sources */ = {isa = PBXBuildFile; fileRef = 63333E83238772490088E1F9 /* POI.swift */; };
		634F46CE237E6C3400FFA57E /* AppDelegate.swift in Sources */ = {isa = PBXBuildFile; fileRef = 634F46CD237E6C3400FFA57E /* AppDelegate.swift */; };
		634F46D3237E6C3400FFA57E /* Main.storyboard in Resources */ = {isa = PBXBuildFile; fileRef = 634F46D1237E6C3400FFA57E /* Main.storyboard */; };
		634F46D5237E6C3C00FFA57E /* Assets.xcassets in Resources */ = {isa = PBXBuildFile; fileRef = 634F46D4237E6C3C00FFA57E /* Assets.xcassets */; };
		634F46D8237E6C3C00FFA57E /* LaunchScreen.storyboard in Resources */ = {isa = PBXBuildFile; fileRef = 634F46D6237E6C3C00FFA57E /* LaunchScreen.storyboard */; };
/* End PBXBuildFile section */

/* Begin PBXFileReference section */
		63333E78238771250088E1F9 /* POIsTableViewController.swift */ = {isa = PBXFileReference; lastKnownFileType = sourcecode.swift; name = POIsTableViewController.swift; path = ../POIsTableViewController.swift; sourceTree = "<group>"; };
		63333E7A238771420088E1F9 /* AddPOIViewController.swift */ = {isa = PBXFileReference; lastKnownFileType = sourcecode.swift; name = AddPOIViewController.swift; path = ../AddPOIViewController.swift; sourceTree = "<group>"; };
		63333E7C2387716E0088E1F9 /* POIDetailViewController.swift */ = {isa = PBXFileReference; lastKnownFileType = sourcecode.swift; name = POIDetailViewController.swift; path = ../POIDetailViewController.swift; sourceTree = "<group>"; };
		63333E7F238771D80088E1F9 /* POITableViewCell.swift */ = {isa = PBXFileReference; lastKnownFileType = sourcecode.swift; path = POITableViewCell.swift; sourceTree = "<group>"; };
		63333E83238772490088E1F9 /* POI.swift */ = {isa = PBXFileReference; lastKnownFileType = sourcecode.swift; path = POI.swift; sourceTree = "<group>"; };
		634F46CA237E6C3400FFA57E /* GrailDairy.app */ = {isa = PBXFileReference; explicitFileType = wrapper.application; includeInIndex = 0; path = GrailDairy.app; sourceTree = BUILT_PRODUCTS_DIR; };
		634F46CD237E6C3400FFA57E /* AppDelegate.swift */ = {isa = PBXFileReference; lastKnownFileType = sourcecode.swift; path = AppDelegate.swift; sourceTree = "<group>"; };
		634F46D2237E6C3400FFA57E /* Base */ = {isa = PBXFileReference; lastKnownFileType = file.storyboard; name = Base; path = Base.lproj/Main.storyboard; sourceTree = "<group>"; };
		634F46D4237E6C3C00FFA57E /* Assets.xcassets */ = {isa = PBXFileReference; lastKnownFileType = folder.assetcatalog; path = Assets.xcassets; sourceTree = "<group>"; };
		634F46D7237E6C3C00FFA57E /* Base */ = {isa = PBXFileReference; lastKnownFileType = file.storyboard; name = Base; path = Base.lproj/LaunchScreen.storyboard; sourceTree = "<group>"; };
		634F46D9237E6C3C00FFA57E /* Info.plist */ = {isa = PBXFileReference; lastKnownFileType = text.plist.xml; path = Info.plist; sourceTree = "<group>"; };
/* End PBXFileReference section */

/* Begin PBXFrameworksBuildPhase section */
		634F46C7237E6C3300FFA57E /* Frameworks */ = {
			isa = PBXFrameworksBuildPhase;
			buildActionMask = 2147483647;
			files = (
			);
			runOnlyForDeploymentPostprocessing = 0;
		};
/* End PBXFrameworksBuildPhase section */

/* Begin PBXGroup section */
		63333E7E238771880088E1F9 /* View Controllers */ = {
			isa = PBXGroup;
			children = (
				63333E78238771250088E1F9 /* POIsTableViewController.swift */,
				63333E7A238771420088E1F9 /* AddPOIViewController.swift */,
				63333E7C2387716E0088E1F9 /* POIDetailViewController.swift */,
				63333E81238771E30088E1F9 /* View Cell */,
			);
			path = "View Controllers";
			sourceTree = "<group>";
		};
		63333E81238771E30088E1F9 /* View Cell */ = {
			isa = PBXGroup;
			children = (
			);
			path = "View Cell";
			sourceTree = "<group>";
		};
		63333E82238771FB0088E1F9 /* Model */ = {
			isa = PBXGroup;
			children = (
				63333E83238772490088E1F9 /* POI.swift */,
			);
			path = Model;
			sourceTree = "<group>";
		};
		634F46C1237E6C3300FFA57E = {
			isa = PBXGroup;
			children = (
				634F46CC237E6C3400FFA57E /* GrailDairy */,
				634F46CB237E6C3400FFA57E /* Products */,
			);
			sourceTree = "<group>";
		};
		634F46CB237E6C3400FFA57E /* Products */ = {
			isa = PBXGroup;
			children = (
				634F46CA237E6C3400FFA57E /* GrailDairy.app */,
			);
			name = Products;
			sourceTree = "<group>";
		};
		634F46CC237E6C3400FFA57E /* GrailDairy */ = {
			isa = PBXGroup;
			children = (
				634F46CD237E6C3400FFA57E /* AppDelegate.swift */,
				634F46D1237E6C3400FFA57E /* Main.storyboard */,
				634F46D4237E6C3C00FFA57E /* Assets.xcassets */,
				634F46D6237E6C3C00FFA57E /* LaunchScreen.storyboard */,
				634F46D9237E6C3C00FFA57E /* Info.plist */,
				63333E7E238771880088E1F9 /* View Controllers */,
				63333E7F238771D80088E1F9 /* POITableViewCell.swift */,
				63333E82238771FB0088E1F9 /* Model */,
			);
			path = GrailDairy;
			sourceTree = "<group>";
		};
/* End PBXGroup section */

/* Begin PBXNativeTarget section */
		634F46C9237E6C3300FFA57E /* GrailDairy */ = {
			isa = PBXNativeTarget;
			buildConfigurationList = 634F46DC237E6C3C00FFA57E /* Build configuration list for PBXNativeTarget "GrailDairy" */;
			buildPhases = (
				634F46C6237E6C3300FFA57E /* Sources */,
				634F46C7237E6C3300FFA57E /* Frameworks */,
				634F46C8237E6C3300FFA57E /* Resources */,
			);
			buildRules = (
			);
			dependencies = (
			);
			name = GrailDairy;
			productName = GrailDairy;
			productReference = 634F46CA237E6C3400FFA57E /* GrailDairy.app */;
			productType = "com.apple.product-type.application";
		};
/* End PBXNativeTarget section */

/* Begin PBXProject section */
		634F46C2237E6C3300FFA57E /* Project object */ = {
			isa = PBXProject;
			attributes = {
				LastSwiftUpdateCheck = 1030;
				LastUpgradeCheck = 1030;
				ORGANIZATIONNAME = "Gerardo Hernandez";
				TargetAttributes = {
					634F46C9237E6C3300FFA57E = {
						CreatedOnToolsVersion = 10.3;
					};
				};
			};
			buildConfigurationList = 634F46C5237E6C3300FFA57E /* Build configuration list for PBXProject "GrailDairy" */;
			compatibilityVersion = "Xcode 9.3";
			developmentRegion = en;
			hasScannedForEncodings = 0;
			knownRegions = (
				en,
				Base,
			);
			mainGroup = 634F46C1237E6C3300FFA57E;
			productRefGroup = 634F46CB237E6C3400FFA57E /* Products */;
			projectDirPath = "";
			projectRoot = "";
			targets = (
				634F46C9237E6C3300FFA57E /* GrailDairy */,
			);
		};
/* End PBXProject section */

/* Begin PBXResourcesBuildPhase section */
		634F46C8237E6C3300FFA57E /* Resources */ = {
			isa = PBXResourcesBuildPhase;
			buildActionMask = 2147483647;
			files = (
				634F46D8237E6C3C00FFA57E /* LaunchScreen.storyboard in Resources */,
				634F46D5237E6C3C00FFA57E /* Assets.xcassets in Resources */,
				634F46D3237E6C3400FFA57E /* Main.storyboard in Resources */,
			);
			runOnlyForDeploymentPostprocessing = 0;
		};
/* End PBXResourcesBuildPhase section */

/* Begin PBXSourcesBuildPhase section */
		634F46C6237E6C3300FFA57E /* Sources */ = {
			isa = PBXSourcesBuildPhase;
			buildActionMask = 2147483647;
			files = (
				63333E79238771250088E1F9 /* POIsTableViewController.swift in Sources */,
				63333E7B238771420088E1F9 /* AddPOIViewController.swift in Sources */,
				63333E7D2387716E0088E1F9 /* POIDetailViewController.swift in Sources */,
				634F46CE237E6C3400FFA57E /* AppDelegate.swift in Sources */,
				63333E84238772490088E1F9 /* POI.swift in Sources */,
				63333E80238771D80088E1F9 /* POITableViewCell.swift in Sources */,
			);
			runOnlyForDeploymentPostprocessing = 0;
		};
/* End PBXSourcesBuildPhase section */

/* Begin PBXVariantGroup section */
		634F46D1237E6C3400FFA57E /* Main.storyboard */ = {
			isa = PBXVariantGroup;
			children = (
				634F46D2237E6C3400FFA57E /* Base */,
			);
			name = Main.storyboard;
			sourceTree = "<group>";
		};
		634F46D6237E6C3C00FFA57E /* LaunchScreen.storyboard */ = {
			isa = PBXVariantGroup;
			children = (
				634F46D7237E6C3C00FFA57E /* Base */,
			);
			name = LaunchScreen.storyboard;
			sourceTree = "<group>";
		};
/* End PBXVariantGroup section */

/* Begin XCBuildConfiguration section */
		634F46DA237E6C3C00FFA57E /* Debug */ = {
			isa = XCBuildConfiguration;
			buildSettings = {
				ALWAYS_SEARCH_USER_PATHS = NO;
				CLANG_ANALYZER_NONNULL = YES;
				CLANG_ANALYZER_NUMBER_OBJECT_CONVERSION = YES_AGGRESSIVE;
				CLANG_CXX_LANGUAGE_STANDARD = "gnu++14";
				CLANG_CXX_LIBRARY = "libc++";
				CLANG_ENABLE_MODULES = YES;
				CLANG_ENABLE_OBJC_ARC = YES;
				CLANG_ENABLE_OBJC_WEAK = YES;
				CLANG_WARN_BLOCK_CAPTURE_AUTORELEASING = YES;
				CLANG_WARN_BOOL_CONVERSION = YES;
				CLANG_WARN_COMMA = YES;
				CLANG_WARN_CONSTANT_CONVERSION = YES;
				CLANG_WARN_DEPRECATED_OBJC_IMPLEMENTATIONS = YES;
				CLANG_WARN_DIRECT_OBJC_ISA_USAGE = YES_ERROR;
				CLANG_WARN_DOCUMENTATION_COMMENTS = YES;
				CLANG_WARN_EMPTY_BODY = YES;
				CLANG_WARN_ENUM_CONVERSION = YES;
				CLANG_WARN_INFINITE_RECURSION = YES;
				CLANG_WARN_INT_CONVERSION = YES;
				CLANG_WARN_NON_LITERAL_NULL_CONVERSION = YES;
				CLANG_WARN_OBJC_IMPLICIT_RETAIN_SELF = YES;
				CLANG_WARN_OBJC_LITERAL_CONVERSION = YES;
				CLANG_WARN_OBJC_ROOT_CLASS = YES_ERROR;
				CLANG_WARN_RANGE_LOOP_ANALYSIS = YES;
				CLANG_WARN_STRICT_PROTOTYPES = YES;
				CLANG_WARN_SUSPICIOUS_MOVE = YES;
				CLANG_WARN_UNGUARDED_AVAILABILITY = YES_AGGRESSIVE;
				CLANG_WARN_UNREACHABLE_CODE = YES;
				CLANG_WARN__DUPLICATE_METHOD_MATCH = YES;
				CODE_SIGN_IDENTITY = "iPhone Developer";
				COPY_PHASE_STRIP = NO;
				DEBUG_INFORMATION_FORMAT = dwarf;
				ENABLE_STRICT_OBJC_MSGSEND = YES;
				ENABLE_TESTABILITY = YES;
				GCC_C_LANGUAGE_STANDARD = gnu11;
				GCC_DYNAMIC_NO_PIC = NO;
				GCC_NO_COMMON_BLOCKS = YES;
				GCC_OPTIMIZATION_LEVEL = 0;
				GCC_PREPROCESSOR_DEFINITIONS = (
					"DEBUG=1",
					"$(inherited)",
				);
				GCC_WARN_64_TO_32_BIT_CONVERSION = YES;
				GCC_WARN_ABOUT_RETURN_TYPE = YES_ERROR;
				GCC_WARN_UNDECLARED_SELECTOR = YES;
				GCC_WARN_UNINITIALIZED_AUTOS = YES_AGGRESSIVE;
				GCC_WARN_UNUSED_FUNCTION = YES;
				GCC_WARN_UNUSED_VARIABLE = YES;
				IPHONEOS_DEPLOYMENT_TARGET = 12.4;
				MTL_ENABLE_DEBUG_INFO = INCLUDE_SOURCE;
				MTL_FAST_MATH = YES;
				ONLY_ACTIVE_ARCH = YES;
				SDKROOT = iphoneos;
				SWIFT_ACTIVE_COMPILATION_CONDITIONS = DEBUG;
				SWIFT_OPTIMIZATION_LEVEL = "-Onone";
			};
			name = Debug;
		};
		634F46DB237E6C3C00FFA57E /* Release */ = {
			isa = XCBuildConfiguration;
			buildSettings = {
				ALWAYS_SEARCH_USER_PATHS = NO;
				CLANG_ANALYZER_NONNULL = YES;
				CLANG_ANALYZER_NUMBER_OBJECT_CONVERSION = YES_AGGRESSIVE;
				CLANG_CXX_LANGUAGE_STANDARD = "gnu++14";
				CLANG_CXX_LIBRARY = "libc++";
				CLANG_ENABLE_MODULES = YES;
				CLANG_ENABLE_OBJC_ARC = YES;
				CLANG_ENABLE_OBJC_WEAK = YES;
				CLANG_WARN_BLOCK_CAPTURE_AUTORELEASING = YES;
				CLANG_WARN_BOOL_CONVERSION = YES;
				CLANG_WARN_COMMA = YES;
				CLANG_WARN_CONSTANT_CONVERSION = YES;
				CLANG_WARN_DEPRECATED_OBJC_IMPLEMENTATIONS = YES;
				CLANG_WARN_DIRECT_OBJC_ISA_USAGE = YES_ERROR;
				CLANG_WARN_DOCUMENTATION_COMMENTS = YES;
				CLANG_WARN_EMPTY_BODY = YES;
				CLANG_WARN_ENUM_CONVERSION = YES;
				CLANG_WARN_INFINITE_RECURSION = YES;
				CLANG_WARN_INT_CONVERSION = YES;
				CLANG_WARN_NON_LITERAL_NULL_CONVERSION = YES;
				CLANG_WARN_OBJC_IMPLICIT_RETAIN_SELF = YES;
				CLANG_WARN_OBJC_LITERAL_CONVERSION = YES;
				CLANG_WARN_OBJC_ROOT_CLASS = YES_ERROR;
				CLANG_WARN_RANGE_LOOP_ANALYSIS = YES;
				CLANG_WARN_STRICT_PROTOTYPES = YES;
				CLANG_WARN_SUSPICIOUS_MOVE = YES;
				CLANG_WARN_UNGUARDED_AVAILABILITY = YES_AGGRESSIVE;
				CLANG_WARN_UNREACHABLE_CODE = YES;
				CLANG_WARN__DUPLICATE_METHOD_MATCH = YES;
				CODE_SIGN_IDENTITY = "iPhone Developer";
				COPY_PHASE_STRIP = NO;
				DEBUG_INFORMATION_FORMAT = "dwarf-with-dsym";
				ENABLE_NS_ASSERTIONS = NO;
				ENABLE_STRICT_OBJC_MSGSEND = YES;
				GCC_C_LANGUAGE_STANDARD = gnu11;
				GCC_NO_COMMON_BLOCKS = YES;
				GCC_WARN_64_TO_32_BIT_CONVERSION = YES;
				GCC_WARN_ABOUT_RETURN_TYPE = YES_ERROR;
				GCC_WARN_UNDECLARED_SELECTOR = YES;
				GCC_WARN_UNINITIALIZED_AUTOS = YES_AGGRESSIVE;
				GCC_WARN_UNUSED_FUNCTION = YES;
				GCC_WARN_UNUSED_VARIABLE = YES;
				IPHONEOS_DEPLOYMENT_TARGET = 12.4;
				MTL_ENABLE_DEBUG_INFO = NO;
				MTL_FAST_MATH = YES;
				SDKROOT = iphoneos;
				SWIFT_COMPILATION_MODE = wholemodule;
				SWIFT_OPTIMIZATION_LEVEL = "-O";
				VALIDATE_PRODUCT = YES;
			};
			name = Release;
		};
		634F46DD237E6C3C00FFA57E /* Debug */ = {
			isa = XCBuildConfiguration;
			buildSettings = {
				ASSETCATALOG_COMPILER_APPICON_NAME = AppIcon;
				CODE_SIGN_STYLE = Automatic;
				DEVELOPMENT_TEAM = NW64B8MUZ5;
				INFOPLIST_FILE = GrailDairy/Info.plist;
				LD_RUNPATH_SEARCH_PATHS = (
					"$(inherited)",
					"@executable_path/Frameworks",
				);
				PRODUCT_BUNDLE_IDENTIFIER = com.gerardohernandez.GrailDairy;
				PRODUCT_NAME = "$(TARGET_NAME)";
				SWIFT_VERSION = 5.0;
				TARGETED_DEVICE_FAMILY = "1,2";
			};
			name = Debug;
		};
		634F46DE237E6C3C00FFA57E /* Release */ = {
			isa = XCBuildConfiguration;
			buildSettings = {
				ASSETCATALOG_COMPILER_APPICON_NAME = AppIcon;
				CODE_SIGN_STYLE = Automatic;
				DEVELOPMENT_TEAM = NW64B8MUZ5;
				INFOPLIST_FILE = GrailDairy/Info.plist;
				LD_RUNPATH_SEARCH_PATHS = (
					"$(inherited)",
					"@executable_path/Frameworks",
				);
				PRODUCT_BUNDLE_IDENTIFIER = com.gerardohernandez.GrailDairy;
				PRODUCT_NAME = "$(TARGET_NAME)";
				SWIFT_VERSION = 5.0;
				TARGETED_DEVICE_FAMILY = "1,2";
			};
			name = Release;
		};
/* End XCBuildConfiguration section */

/* Begin XCConfigurationList section */
		634F46C5237E6C3300FFA57E /* Build configuration list for PBXProject "GrailDairy" */ = {
			isa = XCConfigurationList;
			buildConfigurations = (
				634F46DA237E6C3C00FFA57E /* Debug */,
				634F46DB237E6C3C00FFA57E /* Release */,
			);
			defaultConfigurationIsVisible = 0;
			defaultConfigurationName = Release;
		};
		634F46DC237E6C3C00FFA57E /* Build configuration list for PBXNativeTarget "GrailDairy" */ = {
			isa = XCConfigurationList;
			buildConfigurations = (
				634F46DD237E6C3C00FFA57E /* Debug */,
				634F46DE237E6C3C00FFA57E /* Release */,
			);
			defaultConfigurationIsVisible = 0;
			defaultConfigurationName = Release;
		};
/* End XCConfigurationList section */
	};
	rootObject = 634F46C2237E6C3300FFA57E /* Project object */;
}
