// !$*UTF8*$!
{
	archiveVersion = 1;
	classes = {
	};
	objectVersion = 50;
	objects = {

/* Begin PBXBuildFile section */
		6307412025F94FDC000FA128 /* AppDelegate.swift in Sources */ = {isa = PBXBuildFile; fileRef = 6307411F25F94FDC000FA128 /* AppDelegate.swift */; };
		6307412225F94FDC000FA128 /* SceneDelegate.swift in Sources */ = {isa = PBXBuildFile; fileRef = 6307412125F94FDC000FA128 /* SceneDelegate.swift */; };
		6307412725F94FDC000FA128 /* Main.storyboard in Resources */ = {isa = PBXBuildFile; fileRef = 6307412525F94FDC000FA128 /* Main.storyboard */; };
		6307412925F94FDD000FA128 /* Assets.xcassets in Resources */ = {isa = PBXBuildFile; fileRef = 6307412825F94FDD000FA128 /* Assets.xcassets */; };
		6307412C25F94FDD000FA128 /* LaunchScreen.storyboard in Resources */ = {isa = PBXBuildFile; fileRef = 6307412A25F94FDD000FA128 /* LaunchScreen.storyboard */; };
		6307413925F95281000FA128 /* POIsViewController.swift in Sources */ = {isa = PBXBuildFile; fileRef = 6307413825F95281000FA128 /* POIsViewController.swift */; };
		632817492615410E000BDE4C /* AddPOIViewController.swift in Sources */ = {isa = PBXBuildFile; fileRef = 632817482615410E000BDE4C /* AddPOIViewController.swift */; };
		6328174C2615412F000BDE4C /* POIDetailViewController.swift in Sources */ = {isa = PBXBuildFile; fileRef = 6328174B2615412F000BDE4C /* POIDetailViewController.swift */; };
		6328174F26154166000BDE4C /* POITableViewCell.swift in Sources */ = {isa = PBXBuildFile; fileRef = 6328174E26154166000BDE4C /* POITableViewCell.swift */; };
		6328175226154173000BDE4C /* POI.swift in Sources */ = {isa = PBXBuildFile; fileRef = 6328175126154173000BDE4C /* POI.swift */; };
/* End PBXBuildFile section */

/* Begin PBXFileReference section */
		6307411C25F94FDC000FA128 /* GrailDiary.app */ = {isa = PBXFileReference; explicitFileType = wrapper.application; includeInIndex = 0; path = GrailDiary.app; sourceTree = BUILT_PRODUCTS_DIR; };
		6307411F25F94FDC000FA128 /* AppDelegate.swift */ = {isa = PBXFileReference; lastKnownFileType = sourcecode.swift; path = AppDelegate.swift; sourceTree = "<group>"; };
		6307412125F94FDC000FA128 /* SceneDelegate.swift */ = {isa = PBXFileReference; lastKnownFileType = sourcecode.swift; path = SceneDelegate.swift; sourceTree = "<group>"; };
		6307412625F94FDC000FA128 /* Base */ = {isa = PBXFileReference; lastKnownFileType = file.storyboard; name = Base; path = Base.lproj/Main.storyboard; sourceTree = "<group>"; };
		6307412825F94FDD000FA128 /* Assets.xcassets */ = {isa = PBXFileReference; lastKnownFileType = folder.assetcatalog; path = Assets.xcassets; sourceTree = "<group>"; };
		6307412B25F94FDD000FA128 /* Base */ = {isa = PBXFileReference; lastKnownFileType = file.storyboard; name = Base; path = Base.lproj/LaunchScreen.storyboard; sourceTree = "<group>"; };
		6307412D25F94FDD000FA128 /* Info.plist */ = {isa = PBXFileReference; lastKnownFileType = text.plist.xml; path = Info.plist; sourceTree = "<group>"; };
		6307413825F95281000FA128 /* POIsViewController.swift */ = {isa = PBXFileReference; lastKnownFileType = sourcecode.swift; path = POIsViewController.swift; sourceTree = "<group>"; };
		632817482615410E000BDE4C /* AddPOIViewController.swift */ = {isa = PBXFileReference; lastKnownFileType = sourcecode.swift; path = AddPOIViewController.swift; sourceTree = "<group>"; };
		6328174B2615412F000BDE4C /* POIDetailViewController.swift */ = {isa = PBXFileReference; lastKnownFileType = sourcecode.swift; path = POIDetailViewController.swift; sourceTree = "<group>"; };
		6328174E26154166000BDE4C /* POITableViewCell.swift */ = {isa = PBXFileReference; lastKnownFileType = sourcecode.swift; path = POITableViewCell.swift; sourceTree = "<group>"; };
		6328175126154173000BDE4C /* POI.swift */ = {isa = PBXFileReference; lastKnownFileType = sourcecode.swift; path = POI.swift; sourceTree = "<group>"; };
/* End PBXFileReference section */

/* Begin PBXFrameworksBuildPhase section */
		6307411925F94FDC000FA128 /* Frameworks */ = {
			isa = PBXFrameworksBuildPhase;
			buildActionMask = 2147483647;
			files = (
			);
			runOnlyForDeploymentPostprocessing = 0;
		};
/* End PBXFrameworksBuildPhase section */

/* Begin PBXGroup section */
		6307411325F94FDC000FA128 = {
			isa = PBXGroup;
			children = (
				6307411E25F94FDC000FA128 /* GrailDiary */,
				6307411D25F94FDC000FA128 /* Products */,
			);
			sourceTree = "<group>";
		};
		6307411D25F94FDC000FA128 /* Products */ = {
			isa = PBXGroup;
			children = (
				6307411C25F94FDC000FA128 /* GrailDiary.app */,
			);
			name = Products;
			sourceTree = "<group>";
		};
		6307411E25F94FDC000FA128 /* GrailDiary */ = {
			isa = PBXGroup;
			children = (
				63281759261541C3000BDE4C /* Resources */,
				6328175B261541D7000BDE4C /* Storyboard */,
				6307412D25F94FDD000FA128 /* Info.plist */,
				63281758261541A6000BDE4C /* View Controllers */,
				632817562615419A000BDE4C /* Views */,
				6328175426154192000BDE4C /* Model */,
			);
			path = GrailDiary;
			sourceTree = "<group>";
		};
		6328175426154192000BDE4C /* Model */ = {
			isa = PBXGroup;
			children = (
				6328175126154173000BDE4C /* POI.swift */,
			);
			path = Model;
			sourceTree = "<group>";
		};
		632817562615419A000BDE4C /* Views */ = {
			isa = PBXGroup;
			children = (
				6328174E26154166000BDE4C /* POITableViewCell.swift */,
			);
			path = Views;
			sourceTree = "<group>";
		};
		63281758261541A6000BDE4C /* View Controllers */ = {
			isa = PBXGroup;
			children = (
				6307413825F95281000FA128 /* POIsViewController.swift */,
				632817482615410E000BDE4C /* AddPOIViewController.swift */,
				6328174B2615412F000BDE4C /* POIDetailViewController.swift */,
			);
			path = "View Controllers";
			sourceTree = "<group>";
		};
		63281759261541C3000BDE4C /* Resources */ = {
			isa = PBXGroup;
			children = (
				6307411F25F94FDC000FA128 /* AppDelegate.swift */,
				6307412125F94FDC000FA128 /* SceneDelegate.swift */,
				6307412825F94FDD000FA128 /* Assets.xcassets */,
			);
			path = Resources;
			sourceTree = "<group>";
		};
		6328175B261541D7000BDE4C /* Storyboard */ = {
			isa = PBXGroup;
			children = (
				6307412A25F94FDD000FA128 /* LaunchScreen.storyboard */,
				6307412525F94FDC000FA128 /* Main.storyboard */,
			);
			path = Storyboard;
			sourceTree = "<group>";
		};
/* End PBXGroup section */

/* Begin PBXNativeTarget section */
		6307411B25F94FDC000FA128 /* GrailDiary */ = {
			isa = PBXNativeTarget;
			buildConfigurationList = 6307413025F94FDD000FA128 /* Build configuration list for PBXNativeTarget "GrailDiary" */;
			buildPhases = (
				6307411825F94FDC000FA128 /* Sources */,
				6307411925F94FDC000FA128 /* Frameworks */,
				6307411A25F94FDC000FA128 /* Resources */,
			);
			buildRules = (
			);
			dependencies = (
			);
			name = GrailDiary;
			productName = GrailDiary;
			productReference = 6307411C25F94FDC000FA128 /* GrailDiary.app */;
			productType = "com.apple.product-type.application";
		};
/* End PBXNativeTarget section */

/* Begin PBXProject section */
		6307411425F94FDC000FA128 /* Project object */ = {
			isa = PBXProject;
			attributes = {
				LastSwiftUpdateCheck = 1240;
				LastUpgradeCheck = 1240;
				TargetAttributes = {
					6307411B25F94FDC000FA128 = {
						CreatedOnToolsVersion = 12.4;
					};
				};
			};
			buildConfigurationList = 6307411725F94FDC000FA128 /* Build configuration list for PBXProject "GrailDiary" */;
			compatibilityVersion = "Xcode 9.3";
			developmentRegion = en;
			hasScannedForEncodings = 0;
			knownRegions = (
				en,
				Base,
			);
			mainGroup = 6307411325F94FDC000FA128;
			productRefGroup = 6307411D25F94FDC000FA128 /* Products */;
			projectDirPath = "";
			projectRoot = "";
			targets = (
				6307411B25F94FDC000FA128 /* GrailDiary */,
			);
		};
/* End PBXProject section */

/* Begin PBXResourcesBuildPhase section */
		6307411A25F94FDC000FA128 /* Resources */ = {
			isa = PBXResourcesBuildPhase;
			buildActionMask = 2147483647;
			files = (
				6307412C25F94FDD000FA128 /* LaunchScreen.storyboard in Resources */,
				6307412925F94FDD000FA128 /* Assets.xcassets in Resources */,
				6307412725F94FDC000FA128 /* Main.storyboard in Resources */,
			);
			runOnlyForDeploymentPostprocessing = 0;
		};
/* End PBXResourcesBuildPhase section */

/* Begin PBXSourcesBuildPhase section */
		6307411825F94FDC000FA128 /* Sources */ = {
			isa = PBXSourcesBuildPhase;
			buildActionMask = 2147483647;
			files = (
				6328175226154173000BDE4C /* POI.swift in Sources */,
				6307413925F95281000FA128 /* POIsViewController.swift in Sources */,
				632817492615410E000BDE4C /* AddPOIViewController.swift in Sources */,
				6307412025F94FDC000FA128 /* AppDelegate.swift in Sources */,
				6307412225F94FDC000FA128 /* SceneDelegate.swift in Sources */,
				6328174F26154166000BDE4C /* POITableViewCell.swift in Sources */,
				6328174C2615412F000BDE4C /* POIDetailViewController.swift in Sources */,
			);
			runOnlyForDeploymentPostprocessing = 0;
		};
/* End PBXSourcesBuildPhase section */

/* Begin PBXVariantGroup section */
		6307412525F94FDC000FA128 /* Main.storyboard */ = {
			isa = PBXVariantGroup;
			children = (
				6307412625F94FDC000FA128 /* Base */,
			);
			name = Main.storyboard;
			sourceTree = "<group>";
		};
		6307412A25F94FDD000FA128 /* LaunchScreen.storyboard */ = {
			isa = PBXVariantGroup;
			children = (
				6307412B25F94FDD000FA128 /* Base */,
			);
			name = LaunchScreen.storyboard;
			sourceTree = "<group>";
		};
/* End PBXVariantGroup section */

/* Begin XCBuildConfiguration section */
		6307412E25F94FDD000FA128 /* Debug */ = {
			isa = XCBuildConfiguration;
			buildSettings = {
				ALWAYS_SEARCH_USER_PATHS = NO;
				CLANG_ANALYZER_NONNULL = YES;
				CLANG_ANALYZER_NUMBER_OBJECT_CONVERSION = YES_AGGRESSIVE;
				CLANG_CXX_LANGUAGE_STANDARD = "gnu++14";
				CLANG_CXX_LIBRARY = "libc++";
				CLANG_ENABLE_MODULES = YES;
				CLANG_ENABLE_OBJC_ARC = YES;
				CLANG_ENABLE_OBJC_WEAK = YES;
				CLANG_WARN_BLOCK_CAPTURE_AUTORELEASING = YES;
				CLANG_WARN_BOOL_CONVERSION = YES;
				CLANG_WARN_COMMA = YES;
				CLANG_WARN_CONSTANT_CONVERSION = YES;
				CLANG_WARN_DEPRECATED_OBJC_IMPLEMENTATIONS = YES;
				CLANG_WARN_DIRECT_OBJC_ISA_USAGE = YES_ERROR;
				CLANG_WARN_DOCUMENTATION_COMMENTS = YES;
				CLANG_WARN_EMPTY_BODY = YES;
				CLANG_WARN_ENUM_CONVERSION = YES;
				CLANG_WARN_INFINITE_RECURSION = YES;
				CLANG_WARN_INT_CONVERSION = YES;
				CLANG_WARN_NON_LITERAL_NULL_CONVERSION = YES;
				CLANG_WARN_OBJC_IMPLICIT_RETAIN_SELF = YES;
				CLANG_WARN_OBJC_LITERAL_CONVERSION = YES;
				CLANG_WARN_OBJC_ROOT_CLASS = YES_ERROR;
				CLANG_WARN_QUOTED_INCLUDE_IN_FRAMEWORK_HEADER = YES;
				CLANG_WARN_RANGE_LOOP_ANALYSIS = YES;
				CLANG_WARN_STRICT_PROTOTYPES = YES;
				CLANG_WARN_SUSPICIOUS_MOVE = YES;
				CLANG_WARN_UNGUARDED_AVAILABILITY = YES_AGGRESSIVE;
				CLANG_WARN_UNREACHABLE_CODE = YES;
				CLANG_WARN__DUPLICATE_METHOD_MATCH = YES;
				COPY_PHASE_STRIP = NO;
				DEBUG_INFORMATION_FORMAT = dwarf;
				ENABLE_STRICT_OBJC_MSGSEND = YES;
				ENABLE_TESTABILITY = YES;
				GCC_C_LANGUAGE_STANDARD = gnu11;
				GCC_DYNAMIC_NO_PIC = NO;
				GCC_NO_COMMON_BLOCKS = YES;
				GCC_OPTIMIZATION_LEVEL = 0;
				GCC_PREPROCESSOR_DEFINITIONS = (
					"DEBUG=1",
					"$(inherited)",
				);
				GCC_WARN_64_TO_32_BIT_CONVERSION = YES;
				GCC_WARN_ABOUT_RETURN_TYPE = YES_ERROR;
				GCC_WARN_UNDECLARED_SELECTOR = YES;
				GCC_WARN_UNINITIALIZED_AUTOS = YES_AGGRESSIVE;
				GCC_WARN_UNUSED_FUNCTION = YES;
				GCC_WARN_UNUSED_VARIABLE = YES;
				IPHONEOS_DEPLOYMENT_TARGET = 14.4;
				MTL_ENABLE_DEBUG_INFO = INCLUDE_SOURCE;
				MTL_FAST_MATH = YES;
				ONLY_ACTIVE_ARCH = YES;
				SDKROOT = iphoneos;
				SWIFT_ACTIVE_COMPILATION_CONDITIONS = DEBUG;
				SWIFT_OPTIMIZATION_LEVEL = "-Onone";
			};
			name = Debug;
		};
		6307412F25F94FDD000FA128 /* Release */ = {
			isa = XCBuildConfiguration;
			buildSettings = {
				ALWAYS_SEARCH_USER_PATHS = NO;
				CLANG_ANALYZER_NONNULL = YES;
				CLANG_ANALYZER_NUMBER_OBJECT_CONVERSION = YES_AGGRESSIVE;
				CLANG_CXX_LANGUAGE_STANDARD = "gnu++14";
				CLANG_CXX_LIBRARY = "libc++";
				CLANG_ENABLE_MODULES = YES;
				CLANG_ENABLE_OBJC_ARC = YES;
				CLANG_ENABLE_OBJC_WEAK = YES;
				CLANG_WARN_BLOCK_CAPTURE_AUTORELEASING = YES;
				CLANG_WARN_BOOL_CONVERSION = YES;
				CLANG_WARN_COMMA = YES;
				CLANG_WARN_CONSTANT_CONVERSION = YES;
				CLANG_WARN_DEPRECATED_OBJC_IMPLEMENTATIONS = YES;
				CLANG_WARN_DIRECT_OBJC_ISA_USAGE = YES_ERROR;
				CLANG_WARN_DOCUMENTATION_COMMENTS = YES;
				CLANG_WARN_EMPTY_BODY = YES;
				CLANG_WARN_ENUM_CONVERSION = YES;
				CLANG_WARN_INFINITE_RECURSION = YES;
				CLANG_WARN_INT_CONVERSION = YES;
				CLANG_WARN_NON_LITERAL_NULL_CONVERSION = YES;
				CLANG_WARN_OBJC_IMPLICIT_RETAIN_SELF = YES;
				CLANG_WARN_OBJC_LITERAL_CONVERSION = YES;
				CLANG_WARN_OBJC_ROOT_CLASS = YES_ERROR;
				CLANG_WARN_QUOTED_INCLUDE_IN_FRAMEWORK_HEADER = YES;
				CLANG_WARN_RANGE_LOOP_ANALYSIS = YES;
				CLANG_WARN_STRICT_PROTOTYPES = YES;
				CLANG_WARN_SUSPICIOUS_MOVE = YES;
				CLANG_WARN_UNGUARDED_AVAILABILITY = YES_AGGRESSIVE;
				CLANG_WARN_UNREACHABLE_CODE = YES;
				CLANG_WARN__DUPLICATE_METHOD_MATCH = YES;
				COPY_PHASE_STRIP = NO;
				DEBUG_INFORMATION_FORMAT = "dwarf-with-dsym";
				ENABLE_NS_ASSERTIONS = NO;
				ENABLE_STRICT_OBJC_MSGSEND = YES;
				GCC_C_LANGUAGE_STANDARD = gnu11;
				GCC_NO_COMMON_BLOCKS = YES;
				GCC_WARN_64_TO_32_BIT_CONVERSION = YES;
				GCC_WARN_ABOUT_RETURN_TYPE = YES_ERROR;
				GCC_WARN_UNDECLARED_SELECTOR = YES;
				GCC_WARN_UNINITIALIZED_AUTOS = YES_AGGRESSIVE;
				GCC_WARN_UNUSED_FUNCTION = YES;
				GCC_WARN_UNUSED_VARIABLE = YES;
				IPHONEOS_DEPLOYMENT_TARGET = 14.4;
				MTL_ENABLE_DEBUG_INFO = NO;
				MTL_FAST_MATH = YES;
				SDKROOT = iphoneos;
				SWIFT_COMPILATION_MODE = wholemodule;
				SWIFT_OPTIMIZATION_LEVEL = "-O";
				VALIDATE_PRODUCT = YES;
			};
			name = Release;
		};
		6307413125F94FDD000FA128 /* Debug */ = {
			isa = XCBuildConfiguration;
			buildSettings = {
				ASSETCATALOG_COMPILER_APPICON_NAME = AppIcon;
				ASSETCATALOG_COMPILER_GLOBAL_ACCENT_COLOR_NAME = AccentColor;
				CODE_SIGN_STYLE = Automatic;
				DEVELOPMENT_TEAM = NW64B8MUZ5;
				INFOPLIST_FILE = GrailDiary/Info.plist;
				LD_RUNPATH_SEARCH_PATHS = (
					"$(inherited)",
					"@executable_path/Frameworks",
				);
				PRODUCT_BUNDLE_IDENTIFIER = "Gerardo-Hernandez.GrailDiary";
				PRODUCT_NAME = "$(TARGET_NAME)";
				SWIFT_VERSION = 5.0;
				TARGETED_DEVICE_FAMILY = "1,2";
			};
			name = Debug;
		};
		6307413225F94FDD000FA128 /* Release */ = {
			isa = XCBuildConfiguration;
			buildSettings = {
				ASSETCATALOG_COMPILER_APPICON_NAME = AppIcon;
				ASSETCATALOG_COMPILER_GLOBAL_ACCENT_COLOR_NAME = AccentColor;
				CODE_SIGN_STYLE = Automatic;
				DEVELOPMENT_TEAM = NW64B8MUZ5;
				INFOPLIST_FILE = GrailDiary/Info.plist;
				LD_RUNPATH_SEARCH_PATHS = (
					"$(inherited)",
					"@executable_path/Frameworks",
				);
				PRODUCT_BUNDLE_IDENTIFIER = "Gerardo-Hernandez.GrailDiary";
				PRODUCT_NAME = "$(TARGET_NAME)";
				SWIFT_VERSION = 5.0;
				TARGETED_DEVICE_FAMILY = "1,2";
			};
			name = Release;
		};
/* End XCBuildConfiguration section */

/* Begin XCConfigurationList section */
		6307411725F94FDC000FA128 /* Build configuration list for PBXProject "GrailDiary" */ = {
			isa = XCConfigurationList;
			buildConfigurations = (
				6307412E25F94FDD000FA128 /* Debug */,
				6307412F25F94FDD000FA128 /* Release */,
			);
			defaultConfigurationIsVisible = 0;
			defaultConfigurationName = Release;
		};
		6307413025F94FDD000FA128 /* Build configuration list for PBXNativeTarget "GrailDiary" */ = {
			isa = XCConfigurationList;
			buildConfigurations = (
				6307413125F94FDD000FA128 /* Debug */,
				6307413225F94FDD000FA128 /* Release */,
			);
			defaultConfigurationIsVisible = 0;
			defaultConfigurationName = Release;
		};
/* End XCConfigurationList section */
	};
	rootObject = 6307411425F94FDC000FA128 /* Project object */;
}
